
Microsoft Visual Studio Solution File, Format Version 12.00
# Visual Studio Version 16
VisualStudioVersion = 16.0.30114.105
MinimumVisualStudioVersion = 10.0.40219.1
Project("{FAE04EC0-301F-11D3-BF4B-00C04F79EFBC}") = "CloudBerryJwtWebAPI", "CloudBerryJwtWebAPI\CloudBerryJwtWebAPI.csproj", "{78746F36-6865-4869-A77C-78C5C4C6261E}"
EndProject
Global
	GlobalSection(SolutionConfigurationPlatforms) = preSolution
		Debug|Any CPU = Debug|Any CPU
		Release|Any CPU = Release|Any CPU
	EndGlobalSection
	GlobalSection(ProjectConfigurationPlatforms) = postSolution
		{78746F36-6865-4869-A77C-78C5C4C6261E}.Debug|Any CPU.ActiveCfg = Debug|Any CPU
		{78746F36-6865-4869-A77C-78C5C4C6261E}.Debug|Any CPU.Build.0 = Debug|Any CPU
		{78746F36-6865-4869-A77C-78C5C4C6261E}.Release|Any CPU.ActiveCfg = Release|Any CPU
		{78746F36-6865-4869-A77C-78C5C4C6261E}.Release|Any CPU.Build.0 = Release|Any CPU
	EndGlobalSection
	GlobalSection(SolutionProperties) = preSolution
		HideSolutionNode = FALSE
	EndGlobalSection
	GlobalSection(ExtensibilityGlobals) = postSolution
		SolutionGuid = {7F3ECF13-11CC-4525-B40A-F261B00E3758}
	EndGlobalSection
EndGlobal
